{
  "name": "bytenode-webpack-plugin",
  "version": "1.0.1",
  "lockfileVersion": 1,
  "requires": true,
  "dependencies": {
    "bytenode": {
      "version": "1.1.1",
      "resolved": "https://registry.npmjs.org/bytenode/-/bytenode-1.1.1.tgz",
      "integrity": "sha512-nTMGyjUwOVQLo+JWAOPQKA0Y0LcIR2LR37s0NVwdU+a8AF7jLMq1TGZsNEYo12x6uqaSy4Cey5j/E1WRIqnvNg=="
    }
  }
}
